// !$*UTF8*$!
{
	archiveVersion = 1;
	classes = {
	};
	objectVersion = 50;
	objects = {

/* Begin PBXBuildFile section */
		8F575BE42453D26D007BBE4D /* Allocator.cpp in Sources */ = {isa = PBXBuildFile; fileRef = 8F575BE32453D26D007BBE4D /* Allocator.cpp */; };
		8F69CFF3242B4AFB0094C519 /* RouterSCD.cpp in Sources */ = {isa = PBXBuildFile; fileRef = 8F69CFF2242B4AFB0094C519 /* RouterSCD.cpp */; };
		8FA66BBB2404BF2400CA0CCB /* LRH.cpp in Sources */ = {isa = PBXBuildFile; fileRef = 8FA66BBA2404BF2400CA0CCB /* LRH.cpp */; };
		8FB2A97A2494D2DA003E1D3C /* CGLC.cpp in Sources */ = {isa = PBXBuildFile; fileRef = 8FB2A9792494D2DA003E1D3C /* CGLC.cpp */; };
		8FB3CCB6242DE25C005156D4 /* libsequencer.a in Frameworks */ = {isa = PBXBuildFile; fileRef = 8FB3CCB5242DE25C005156D4 /* libsequencer.a */; };
		8FB3CCBA2430E66B005156D4 /* PureGH.cpp in Sources */ = {isa = PBXBuildFile; fileRef = 8FB3CCB82430E66B005156D4 /* PureGH.cpp */; };
		8FBAA1BD240CE4970096ECCA /* librouter.a in Frameworks */ = {isa = PBXBuildFile; fileRef = 8FBAA1BC240CE4960096ECCA /* librouter.a */; };
		8FC362332434A95F00B68635 /* ThreadPool.cpp in Sources */ = {isa = PBXBuildFile; fileRef = 8FC362312434A95F00B68635 /* ThreadPool.cpp */; };
		8FCE115024079FE100C8CB07 /* libutil.a in Frameworks */ = {isa = PBXBuildFile; fileRef = 8FCE114F24079FE100C8CB07 /* libutil.a */; };
		8FD2937D24750C0F006A9A44 /* LP.cpp in Sources */ = {isa = PBXBuildFile; fileRef = 8FD2937C24750C0F006A9A44 /* LP.cpp */; };
		8FE160282443F99D00630122 /* PrimalExtractor.cpp in Sources */ = {isa = PBXBuildFile; fileRef = 8FE160262443F99D00630122 /* PrimalExtractor.cpp */; };
		8FE1602B2444075D00630122 /* SolApprBase.cpp in Sources */ = {isa = PBXBuildFile; fileRef = 8FE1602A2444075D00630122 /* SolApprBase.cpp */; };
		8FE2035923FA65E300822791 /* libconcert.a in Frameworks */ = {isa = PBXBuildFile; fileRef = 8FE2035823FA65E300822791 /* libconcert.a */; };
		8FE2035D23FA65FA00822791 /* libilocplex.a in Frameworks */ = {isa = PBXBuildFile; fileRef = 8FE2035A23FA65FA00822791 /* libilocplex.a */; };
		8FE2035E23FA65FA00822791 /* libcplex.a in Frameworks */ = {isa = PBXBuildFile; fileRef = 8FE2035B23FA65FA00822791 /* libcplex.a */; };
		8FE2035F23FA65FA00822791 /* libcplexdistmip.a in Frameworks */ = {isa = PBXBuildFile; fileRef = 8FE2035C23FA65FA00822791 /* libcplexdistmip.a */; };
		8FE2036123FA667200822791 /* ILP.cpp in Sources */ = {isa = PBXBuildFile; fileRef = 8FE2036023FA667200822791 /* ILP.cpp */; };
		8FE9E84423FB8B10005B203C /* Solution.cpp in Sources */ = {isa = PBXBuildFile; fileRef = 8FE9E84223FB8B10005B203C /* Solution.cpp */; };
		8FF890AC23F8E416005FA41E /* main.cpp in Sources */ = {isa = PBXBuildFile; fileRef = 8FF890AB23F8E416005FA41E /* main.cpp */; };
		8FF890B423F8F1B1005FA41E /* Problem.cpp in Sources */ = {isa = PBXBuildFile; fileRef = 8FF890B223F8F1B1005FA41E /* Problem.cpp */; };
/* End PBXBuildFile section */

/* Begin PBXCopyFilesBuildPhase section */
		8FF890A623F8E416005FA41E /* CopyFiles */ = {
			isa = PBXCopyFilesBuildPhase;
			buildActionMask = 2147483647;
			dstPath = /usr/share/man/man1/;
			dstSubfolderSpec = 0;
			files = (
			);
			runOnlyForDeploymentPostprocessing = 1;
		};
/* End PBXCopyFilesBuildPhase section */

/* Begin PBXFileReference section */
		8F575BE22453D255007BBE4D /* Allocator.hpp */ = {isa = PBXFileReference; lastKnownFileType = sourcecode.cpp.h; path = Allocator.hpp; sourceTree = "<group>"; };
		8F575BE32453D26D007BBE4D /* Allocator.cpp */ = {isa = PBXFileReference; lastKnownFileType = sourcecode.cpp.cpp; path = Allocator.cpp; sourceTree = "<group>"; };
		8F69CFF2242B4AFB0094C519 /* RouterSCD.cpp */ = {isa = PBXFileReference; lastKnownFileType = sourcecode.cpp.cpp; path = RouterSCD.cpp; sourceTree = "<group>"; };
		8F69CFF4242B4B420094C519 /* RouterSCD.hpp */ = {isa = PBXFileReference; lastKnownFileType = sourcecode.cpp.h; path = RouterSCD.hpp; sourceTree = "<group>"; };
		8FA66BBA2404BF2400CA0CCB /* LRH.cpp */ = {isa = PBXFileReference; lastKnownFileType = sourcecode.cpp.cpp; path = LRH.cpp; sourceTree = "<group>"; };
		8FB2A9792494D2DA003E1D3C /* CGLC.cpp */ = {isa = PBXFileReference; lastKnownFileType = sourcecode.cpp.cpp; path = CGLC.cpp; sourceTree = "<group>"; };
		8FB3CCB5242DE25C005156D4 /* libsequencer.a */ = {isa = PBXFileReference; lastKnownFileType = archive.ar; name = libsequencer.a; path = ../BnC_CPLEX/BnC_CPLEX/lib/libsequencer.a; sourceTree = "<group>"; };
		8FB3CCB724308B50005156D4 /* SolApprBase.hpp */ = {isa = PBXFileReference; lastKnownFileType = sourcecode.cpp.h; path = SolApprBase.hpp; sourceTree = "<group>"; };
		8FB3CCB82430E66B005156D4 /* PureGH.cpp */ = {isa = PBXFileReference; lastKnownFileType = sourcecode.cpp.cpp; path = PureGH.cpp; sourceTree = "<group>"; };
		8FBAA1BC240CE4960096ECCA /* librouter.a */ = {isa = PBXFileReference; lastKnownFileType = archive.ar; name = librouter.a; path = ../BnC_CPLEX/BnC_CPLEX/lib/librouter.a; sourceTree = "<group>"; };
		8FC362312434A95F00B68635 /* ThreadPool.cpp */ = {isa = PBXFileReference; lastKnownFileType = sourcecode.cpp.cpp; path = ThreadPool.cpp; sourceTree = "<group>"; };
		8FC362322434A95F00B68635 /* ThreadPool.hpp */ = {isa = PBXFileReference; lastKnownFileType = sourcecode.cpp.h; path = ThreadPool.hpp; sourceTree = "<group>"; };
		8FCE114F24079FE100C8CB07 /* libutil.a */ = {isa = PBXFileReference; lastKnownFileType = archive.ar; name = libutil.a; path = ../util/lib/libutil.a; sourceTree = "<group>"; };
		8FD2937C24750C0F006A9A44 /* LP.cpp */ = {isa = PBXFileReference; lastKnownFileType = sourcecode.cpp.cpp; path = LP.cpp; sourceTree = "<group>"; };
		8FE160262443F99D00630122 /* PrimalExtractor.cpp */ = {isa = PBXFileReference; lastKnownFileType = sourcecode.cpp.cpp; path = PrimalExtractor.cpp; sourceTree = "<group>"; };
		8FE160272443F99D00630122 /* PrimalExtractor.hpp */ = {isa = PBXFileReference; lastKnownFileType = sourcecode.cpp.h; path = PrimalExtractor.hpp; sourceTree = "<group>"; };
		8FE160292444043A00630122 /* Solver.hpp */ = {isa = PBXFileReference; lastKnownFileType = sourcecode.cpp.h; path = Solver.hpp; sourceTree = "<group>"; };
		8FE1602A2444075D00630122 /* SolApprBase.cpp */ = {isa = PBXFileReference; lastKnownFileType = sourcecode.cpp.cpp; path = SolApprBase.cpp; sourceTree = "<group>"; };
		8FE2035823FA65E300822791 /* libconcert.a */ = {isa = PBXFileReference; lastKnownFileType = archive.ar; name = libconcert.a; path = "../../../../Applications/CPLEX_Studio128/concert/lib/x86-64_osx/static_pic/libconcert.a"; sourceTree = "<group>"; };
		8FE2035A23FA65FA00822791 /* libilocplex.a */ = {isa = PBXFileReference; lastKnownFileType = archive.ar; name = libilocplex.a; path = "../../../../Applications/CPLEX_Studio128/cplex/lib/x86-64_osx/static_pic/libilocplex.a"; sourceTree = "<group>"; };
		8FE2035B23FA65FA00822791 /* libcplex.a */ = {isa = PBXFileReference; lastKnownFileType = archive.ar; name = libcplex.a; path = "../../../../Applications/CPLEX_Studio128/cplex/lib/x86-64_osx/static_pic/libcplex.a"; sourceTree = "<group>"; };
		8FE2035C23FA65FA00822791 /* libcplexdistmip.a */ = {isa = PBXFileReference; lastKnownFileType = archive.ar; name = libcplexdistmip.a; path = "../../../../Applications/CPLEX_Studio128/cplex/lib/x86-64_osx/static_pic/libcplexdistmip.a"; sourceTree = "<group>"; };
		8FE2036023FA667200822791 /* ILP.cpp */ = {isa = PBXFileReference; lastKnownFileType = sourcecode.cpp.cpp; path = ILP.cpp; sourceTree = "<group>"; };
		8FE9E84223FB8B10005B203C /* Solution.cpp */ = {isa = PBXFileReference; lastKnownFileType = sourcecode.cpp.cpp; path = Solution.cpp; sourceTree = "<group>"; };
		8FE9E84323FB8B10005B203C /* Solution.hpp */ = {isa = PBXFileReference; lastKnownFileType = sourcecode.cpp.h; path = Solution.hpp; sourceTree = "<group>"; };
		8FF890A823F8E416005FA41E /* SCD_cpp */ = {isa = PBXFileReference; explicitFileType = "compiled.mach-o.executable"; includeInIndex = 0; path = SCD_cpp; sourceTree = BUILT_PRODUCTS_DIR; };
		8FF890AB23F8E416005FA41E /* main.cpp */ = {isa = PBXFileReference; lastKnownFileType = sourcecode.cpp.cpp; path = main.cpp; sourceTree = "<group>"; };
		8FF890B223F8F1B1005FA41E /* Problem.cpp */ = {isa = PBXFileReference; lastKnownFileType = sourcecode.cpp.cpp; path = Problem.cpp; sourceTree = "<group>"; };
		8FF890B323F8F1B1005FA41E /* Problem.hpp */ = {isa = PBXFileReference; lastKnownFileType = sourcecode.cpp.h; path = Problem.hpp; sourceTree = "<group>"; };
/* End PBXFileReference section */

/* Begin PBXFrameworksBuildPhase section */
		8FF890A523F8E416005FA41E /* Frameworks */ = {
			isa = PBXFrameworksBuildPhase;
			buildActionMask = 2147483647;
			files = (
				8FB3CCB6242DE25C005156D4 /* libsequencer.a in Frameworks */,
				8FBAA1BD240CE4970096ECCA /* librouter.a in Frameworks */,
				8FCE115024079FE100C8CB07 /* libutil.a in Frameworks */,
				8FE2035D23FA65FA00822791 /* libilocplex.a in Frameworks */,
				8FE2035E23FA65FA00822791 /* libcplex.a in Frameworks */,
				8FE2035F23FA65FA00822791 /* libcplexdistmip.a in Frameworks */,
				8FE2035923FA65E300822791 /* libconcert.a in Frameworks */,
			);
			runOnlyForDeploymentPostprocessing = 0;
		};
/* End PBXFrameworksBuildPhase section */

/* Begin PBXGroup section */
		8FC362302434A82E00B68635 /* Concurrency */ = {
			isa = PBXGroup;
			children = (
				8FC362312434A95F00B68635 /* ThreadPool.cpp */,
			);
			path = Concurrency;
			sourceTree = "<group>";
		};
		8FCD28A6240A4B9E000288F0 /* src */ = {
			isa = PBXGroup;
			children = (
				8FC362302434A82E00B68635 /* Concurrency */,
				8FE9E84123FB8AE4005B203C /* Other */,
				8FE2035323FA64AB00822791 /* Approach */,
			);
			path = src;
			sourceTree = "<group>";
		};
		8FCD28A7240A4BB0000288F0 /* include */ = {
			isa = PBXGroup;
			children = (
				8FB3CCB724308B50005156D4 /* SolApprBase.hpp */,
				8FE160292444043A00630122 /* Solver.hpp */,
				8F575BE22453D255007BBE4D /* Allocator.hpp */,
				8F69CFF4242B4B420094C519 /* RouterSCD.hpp */,
				8FE160272443F99D00630122 /* PrimalExtractor.hpp */,
				8FC362322434A95F00B68635 /* ThreadPool.hpp */,
				8FF890B323F8F1B1005FA41E /* Problem.hpp */,
				8FE9E84323FB8B10005B203C /* Solution.hpp */,
			);
			path = include;
			sourceTree = "<group>";
		};
		8FE2035323FA64AB00822791 /* Approach */ = {
			isa = PBXGroup;
			children = (
				8FE1602A2444075D00630122 /* SolApprBase.cpp */,
				8FD2937C24750C0F006A9A44 /* LP.cpp */,
				8FE2036023FA667200822791 /* ILP.cpp */,
				8FA66BBA2404BF2400CA0CCB /* LRH.cpp */,
				8FB2A9792494D2DA003E1D3C /* CGLC.cpp */,
				8F575BE32453D26D007BBE4D /* Allocator.cpp */,
				8FB3CCB82430E66B005156D4 /* PureGH.cpp */,
				8F69CFF2242B4AFB0094C519 /* RouterSCD.cpp */,
				8FE160262443F99D00630122 /* PrimalExtractor.cpp */,
			);
			path = Approach;
			sourceTree = "<group>";
		};
		8FE2035723FA65E300822791 /* Frameworks */ = {
			isa = PBXGroup;
			children = (
				8FB3CCB5242DE25C005156D4 /* libsequencer.a */,
				8FBAA1BC240CE4960096ECCA /* librouter.a */,
				8FCE114F24079FE100C8CB07 /* libutil.a */,
				8FE2035B23FA65FA00822791 /* libcplex.a */,
				8FE2035C23FA65FA00822791 /* libcplexdistmip.a */,
				8FE2035A23FA65FA00822791 /* libilocplex.a */,
				8FE2035823FA65E300822791 /* libconcert.a */,
			);
			name = Frameworks;
			sourceTree = "<group>";
		};
		8FE9E84123FB8AE4005B203C /* Other */ = {
			isa = PBXGroup;
			children = (
				8FF890B223F8F1B1005FA41E /* Problem.cpp */,
				8FE9E84223FB8B10005B203C /* Solution.cpp */,
			);
			path = Other;
			sourceTree = "<group>";
		};
		8FF8909F23F8E416005FA41E = {
			isa = PBXGroup;
			children = (
				8FF890AA23F8E416005FA41E /* SCD_cpp */,
				8FF890A923F8E416005FA41E /* Products */,
				8FE2035723FA65E300822791 /* Frameworks */,
			);
			sourceTree = "<group>";
		};
		8FF890A923F8E416005FA41E /* Products */ = {
			isa = PBXGroup;
			children = (
				8FF890A823F8E416005FA41E /* SCD_cpp */,
			);
			name = Products;
			sourceTree = "<group>";
		};
		8FF890AA23F8E416005FA41E /* SCD_cpp */ = {
			isa = PBXGroup;
			children = (
				8FCD28A7240A4BB0000288F0 /* include */,
				8FCD28A6240A4B9E000288F0 /* src */,
				8FF890AB23F8E416005FA41E /* main.cpp */,
			);
			path = SCD_cpp;
			sourceTree = "<group>";
		};
/* End PBXGroup section */

/* Begin PBXNativeTarget section */
		8FF890A723F8E416005FA41E /* SCD_cpp */ = {
			isa = PBXNativeTarget;
			buildConfigurationList = 8FF890AF23F8E416005FA41E /* Build configuration list for PBXNativeTarget "SCD_cpp" */;
			buildPhases = (
				8FF890A423F8E416005FA41E /* Sources */,
				8FF890A523F8E416005FA41E /* Frameworks */,
				8FF890A623F8E416005FA41E /* CopyFiles */,
			);
			buildRules = (
			);
			dependencies = (
			);
			name = SCD_cpp;
			productName = SCD_cpp;
			productReference = 8FF890A823F8E416005FA41E /* SCD_cpp */;
			productType = "com.apple.product-type.tool";
		};
/* End PBXNativeTarget section */

/* Begin PBXProject section */
		8FF890A023F8E416005FA41E /* Project object */ = {
			isa = PBXProject;
			attributes = {
				LastUpgradeCheck = 1130;
				ORGANIZATIONNAME = "Chung-Kyun HAN";
				TargetAttributes = {
					8FF890A723F8E416005FA41E = {
						CreatedOnToolsVersion = 11.3.1;
					};
				};
			};
			buildConfigurationList = 8FF890A323F8E416005FA41E /* Build configuration list for PBXProject "SCD_cpp" */;
			compatibilityVersion = "Xcode 9.3";
			developmentRegion = en;
			hasScannedForEncodings = 0;
			knownRegions = (
				en,
				Base,
			);
			mainGroup = 8FF8909F23F8E416005FA41E;
			productRefGroup = 8FF890A923F8E416005FA41E /* Products */;
			projectDirPath = "";
			projectRoot = "";
			targets = (
				8FF890A723F8E416005FA41E /* SCD_cpp */,
			);
		};
/* End PBXProject section */

/* Begin PBXSourcesBuildPhase section */
		8FF890A423F8E416005FA41E /* Sources */ = {
			isa = PBXSourcesBuildPhase;
			buildActionMask = 2147483647;
			files = (
				8FB2A97A2494D2DA003E1D3C /* CGLC.cpp in Sources */,
				8FE9E84423FB8B10005B203C /* Solution.cpp in Sources */,
				8FC362332434A95F00B68635 /* ThreadPool.cpp in Sources */,
				8FE160282443F99D00630122 /* PrimalExtractor.cpp in Sources */,
				8FD2937D24750C0F006A9A44 /* LP.cpp in Sources */,
				8FE2036123FA667200822791 /* ILP.cpp in Sources */,
				8F69CFF3242B4AFB0094C519 /* RouterSCD.cpp in Sources */,
				8FF890AC23F8E416005FA41E /* main.cpp in Sources */,
				8FA66BBB2404BF2400CA0CCB /* LRH.cpp in Sources */,
				8FB3CCBA2430E66B005156D4 /* PureGH.cpp in Sources */,
				8FF890B423F8F1B1005FA41E /* Problem.cpp in Sources */,
				8F575BE42453D26D007BBE4D /* Allocator.cpp in Sources */,
				8FE1602B2444075D00630122 /* SolApprBase.cpp in Sources */,
			);
			runOnlyForDeploymentPostprocessing = 0;
		};
/* End PBXSourcesBuildPhase section */

/* Begin XCBuildConfiguration section */
		8FF890AD23F8E416005FA41E /* Debug */ = {
			isa = XCBuildConfiguration;
			buildSettings = {
				ALWAYS_SEARCH_USER_PATHS = NO;
				CLANG_ANALYZER_NONNULL = YES;
				CLANG_ANALYZER_NUMBER_OBJECT_CONVERSION = YES_AGGRESSIVE;
				CLANG_CXX_LANGUAGE_STANDARD = "gnu++14";
				CLANG_CXX_LIBRARY = "libc++";
				CLANG_ENABLE_MODULES = YES;
				CLANG_ENABLE_OBJC_ARC = YES;
				CLANG_ENABLE_OBJC_WEAK = YES;
				CLANG_WARN_BLOCK_CAPTURE_AUTORELEASING = YES;
				CLANG_WARN_BOOL_CONVERSION = YES;
				CLANG_WARN_COMMA = YES;
				CLANG_WARN_CONSTANT_CONVERSION = YES;
				CLANG_WARN_DEPRECATED_OBJC_IMPLEMENTATIONS = YES;
				CLANG_WARN_DIRECT_OBJC_ISA_USAGE = YES_ERROR;
				CLANG_WARN_DOCUMENTATION_COMMENTS = YES;
				CLANG_WARN_EMPTY_BODY = YES;
				CLANG_WARN_ENUM_CONVERSION = YES;
				CLANG_WARN_INFINITE_RECURSION = YES;
				CLANG_WARN_INT_CONVERSION = YES;
				CLANG_WARN_NON_LITERAL_NULL_CONVERSION = YES;
				CLANG_WARN_OBJC_IMPLICIT_RETAIN_SELF = YES;
				CLANG_WARN_OBJC_LITERAL_CONVERSION = YES;
				CLANG_WARN_OBJC_ROOT_CLASS = YES_ERROR;
				CLANG_WARN_RANGE_LOOP_ANALYSIS = YES;
				CLANG_WARN_STRICT_PROTOTYPES = YES;
				CLANG_WARN_SUSPICIOUS_MOVE = YES;
				CLANG_WARN_UNGUARDED_AVAILABILITY = YES_AGGRESSIVE;
				CLANG_WARN_UNREACHABLE_CODE = YES;
				CLANG_WARN__DUPLICATE_METHOD_MATCH = YES;
				COPY_PHASE_STRIP = NO;
				DEBUG_INFORMATION_FORMAT = "dwarf-with-dsym";
				ENABLE_STRICT_OBJC_MSGSEND = YES;
				ENABLE_TESTABILITY = YES;
				GCC_C_LANGUAGE_STANDARD = gnu11;
				GCC_DYNAMIC_NO_PIC = NO;
				GCC_NO_COMMON_BLOCKS = YES;
				GCC_OPTIMIZATION_LEVEL = 0;
				GCC_PREPROCESSOR_DEFINITIONS = (
					"DEBUG=1",
					"$(inherited)",
				);
				GCC_WARN_64_TO_32_BIT_CONVERSION = YES;
				GCC_WARN_ABOUT_RETURN_TYPE = YES_ERROR;
				GCC_WARN_UNDECLARED_SELECTOR = YES;
				GCC_WARN_UNINITIALIZED_AUTOS = YES_AGGRESSIVE;
				GCC_WARN_UNUSED_FUNCTION = YES;
				GCC_WARN_UNUSED_VARIABLE = YES;
				MACOSX_DEPLOYMENT_TARGET = 10.15;
				MTL_ENABLE_DEBUG_INFO = INCLUDE_SOURCE;
				MTL_FAST_MATH = YES;
				ONLY_ACTIVE_ARCH = YES;
				SDKROOT = macosx;
			};
			name = Debug;
		};
		8FF890AE23F8E416005FA41E /* Release */ = {
			isa = XCBuildConfiguration;
			buildSettings = {
				ALWAYS_SEARCH_USER_PATHS = NO;
				CLANG_ANALYZER_NONNULL = YES;
				CLANG_ANALYZER_NUMBER_OBJECT_CONVERSION = YES_AGGRESSIVE;
				CLANG_CXX_LANGUAGE_STANDARD = "gnu++14";
				CLANG_CXX_LIBRARY = "libc++";
				CLANG_ENABLE_MODULES = YES;
				CLANG_ENABLE_OBJC_ARC = YES;
				CLANG_ENABLE_OBJC_WEAK = YES;
				CLANG_WARN_BLOCK_CAPTURE_AUTORELEASING = YES;
				CLANG_WARN_BOOL_CONVERSION = YES;
				CLANG_WARN_COMMA = YES;
				CLANG_WARN_CONSTANT_CONVERSION = YES;
				CLANG_WARN_DEPRECATED_OBJC_IMPLEMENTATIONS = YES;
				CLANG_WARN_DIRECT_OBJC_ISA_USAGE = YES_ERROR;
				CLANG_WARN_DOCUMENTATION_COMMENTS = YES;
				CLANG_WARN_EMPTY_BODY = YES;
				CLANG_WARN_ENUM_CONVERSION = YES;
				CLANG_WARN_INFINITE_RECURSION = YES;
				CLANG_WARN_INT_CONVERSION = YES;
				CLANG_WARN_NON_LITERAL_NULL_CONVERSION = YES;
				CLANG_WARN_OBJC_IMPLICIT_RETAIN_SELF = YES;
				CLANG_WARN_OBJC_LITERAL_CONVERSION = YES;
				CLANG_WARN_OBJC_ROOT_CLASS = YES_ERROR;
				CLANG_WARN_RANGE_LOOP_ANALYSIS = YES;
				CLANG_WARN_STRICT_PROTOTYPES = YES;
				CLANG_WARN_SUSPICIOUS_MOVE = YES;
				CLANG_WARN_UNGUARDED_AVAILABILITY = YES_AGGRESSIVE;
				CLANG_WARN_UNREACHABLE_CODE = YES;
				CLANG_WARN__DUPLICATE_METHOD_MATCH = YES;
				COPY_PHASE_STRIP = NO;
				DEBUG_INFORMATION_FORMAT = "dwarf-with-dsym";
				ENABLE_NS_ASSERTIONS = NO;
				ENABLE_STRICT_OBJC_MSGSEND = YES;
				GCC_C_LANGUAGE_STANDARD = gnu11;
				GCC_NO_COMMON_BLOCKS = YES;
				GCC_WARN_64_TO_32_BIT_CONVERSION = YES;
				GCC_WARN_ABOUT_RETURN_TYPE = YES_ERROR;
				GCC_WARN_UNDECLARED_SELECTOR = YES;
				GCC_WARN_UNINITIALIZED_AUTOS = YES_AGGRESSIVE;
				GCC_WARN_UNUSED_FUNCTION = YES;
				GCC_WARN_UNUSED_VARIABLE = YES;
				MACOSX_DEPLOYMENT_TARGET = 10.15;
				MTL_ENABLE_DEBUG_INFO = NO;
				MTL_FAST_MATH = YES;
				SDKROOT = macosx;
			};
			name = Release;
		};
		8FF890B023F8E416005FA41E /* Debug */ = {
			isa = XCBuildConfiguration;
			buildSettings = {
				CODE_SIGN_STYLE = Automatic;
				GCC_PREPROCESSOR_DEFINITIONS = IL_STD;
				HEADER_SEARCH_PATHS = (
					"/Users/ckhan/workspace/json-develop/single_include",
					/Applications/CPLEX_Studio128/cplex/include,
					/Applications/CPLEX_Studio128/concert/include,
					/Users/ckhan/workspace/util/include,
					/Users/ckhan/workspace/BnC_CPLEX/BnC_CPLEX/include,
				);
				LIBRARY_SEARCH_PATHS = (
					"/Applications/CPLEX_Studio128/concert/lib/x86-64_osx/static_pic",
					"/Applications/CPLEX_Studio128/cplex/lib/x86-64_osx/static_pic",
					/Users/ckhan/workspace/util/lib,
					/Users/ckhan/workspace/BnC_CPLEX/BnC_CPLEX/lib,
				);
				PRODUCT_NAME = "$(TARGET_NAME)";
			};
			name = Debug;
		};
		8FF890B123F8E416005FA41E /* Release */ = {
			isa = XCBuildConfiguration;
			buildSettings = {
				CODE_SIGN_STYLE = Automatic;
				HEADER_SEARCH_PATHS = (
					"/Users/ckhan/workspace/json-develop/single_include",
					/Applications/CPLEX_Studio128/cplex/include,
					/Applications/CPLEX_Studio128/concert/include,
					/Users/ckhan/workspace/util/include,
					/Users/ckhan/workspace/BnC_CPLEX/BnC_CPLEX/include,
				);
				LIBRARY_SEARCH_PATHS = (
					"/Applications/CPLEX_Studio128/concert/lib/x86-64_osx/static_pic",
					"/Applications/CPLEX_Studio128/cplex/lib/x86-64_osx/static_pic",
					/Users/ckhan/workspace/util/lib,
					/Users/ckhan/workspace/BnC_CPLEX/BnC_CPLEX/lib,
				);
				PRODUCT_NAME = "$(TARGET_NAME)";
			};
			name = Release;
		};
/* End XCBuildConfiguration section */

/* Begin XCConfigurationList section */
		8FF890A323F8E416005FA41E /* Build configuration list for PBXProject "SCD_cpp" */ = {
			isa = XCConfigurationList;
			buildConfigurations = (
				8FF890AD23F8E416005FA41E /* Debug */,
				8FF890AE23F8E416005FA41E /* Release */,
			);
			defaultConfigurationIsVisible = 0;
			defaultConfigurationName = Release;
		};
		8FF890AF23F8E416005FA41E /* Build configuration list for PBXNativeTarget "SCD_cpp" */ = {
			isa = XCConfigurationList;
			buildConfigurations = (
				8FF890B023F8E416005FA41E /* Debug */,
				8FF890B123F8E416005FA41E /* Release */,
			);
			defaultConfigurationIsVisible = 0;
			defaultConfigurationName = Release;
		};
/* End XCConfigurationList section */
	};
	rootObject = 8FF890A023F8E416005FA41E /* Project object */;
}
